
Microsoft Visual Studio Solution File, Format Version 12.00
# Visual Studio Version 17
VisualStudioVersion = 17.3.32819.101
MinimumVisualStudioVersion = 10.0.40219.1
Project("{FAE04EC0-301F-11D3-BF4B-00C04F79EFBC}") = "SimpleDeviceManager", "SimpleDeviceManager\SimpleDeviceManager.csproj", "{A709E906-706A-439F-AF10-AAA51472CCB2}"
EndProject
Global
	GlobalSection(SolutionConfigurationPlatforms) = preSolution
		Debug|Any CPU = Debug|Any CPU
		Release|Any CPU = Release|Any CPU
	EndGlobalSection
	GlobalSection(ProjectConfigurationPlatforms) = postSolution
		{A709E906-706A-439F-AF10-AAA51472CCB2}.Debug|Any CPU.ActiveCfg = Debug|Any CPU
		{A709E906-706A-439F-AF10-AAA51472CCB2}.Debug|Any CPU.Build.0 = Debug|Any CPU
		{A709E906-706A-439F-AF10-AAA51472CCB2}.Release|Any CPU.ActiveCfg = Release|Any CPU
		{A709E906-706A-439F-AF10-AAA51472CCB2}.Release|Any CPU.Build.0 = Release|Any CPU
	EndGlobalSection
	GlobalSection(SolutionProperties) = preSolution
		HideSolutionNode = FALSE
	EndGlobalSection
	GlobalSection(ExtensibilityGlobals) = postSolution
		SolutionGuid = {5CA035C1-2A2A-4729-9E7F-0B0F203E9A14}
	EndGlobalSection
EndGlobal
